
Microsoft Visual Studio Solution File, Format Version 12.00
# Visual Studio Version 16
VisualStudioVersion = 16.0.30404.54
MinimumVisualStudioVersion = 10.0.40219.1
Project("{FAE04EC0-301F-11D3-BF4B-00C04F79EFBC}") = "WebProject", "WebProject\WebProject.csproj", "{000E4697-0FB4-40E1-856C-64AC4E951044}"
EndProject
Global
	GlobalSection(SolutionConfigurationPlatforms) = preSolution
		Debug|Any CPU = Debug|Any CPU
		Release|Any CPU = Release|Any CPU
	EndGlobalSection
	GlobalSection(ProjectConfigurationPlatforms) = postSolution
		{000E4697-0FB4-40E1-856C-64AC4E951044}.Debug|Any CPU.ActiveCfg = Debug|Any CPU
		{000E4697-0FB4-40E1-856C-64AC4E951044}.Debug|Any CPU.Build.0 = Debug|Any CPU
		{000E4697-0FB4-40E1-856C-64AC4E951044}.Release|Any CPU.ActiveCfg = Release|Any CPU
		{000E4697-0FB4-40E1-856C-64AC4E951044}.Release|Any CPU.Build.0 = Release|Any CPU
	EndGlobalSection
	GlobalSection(SolutionProperties) = preSolution
		HideSolutionNode = FALSE
	EndGlobalSection
	GlobalSection(ExtensibilityGlobals) = postSolution
		SolutionGuid = {D8216288-DB2F-4138-A327-6684B213E666}
	EndGlobalSection
EndGlobal
