
Microsoft Visual Studio Solution File, Format Version 12.00
# Visual Studio Version 16
VisualStudioVersion = 16.0.30420.98
MinimumVisualStudioVersion = 15.0.26124.0
Project("{2150E333-8FDC-42A3-9474-1A3956D46DE8}") = "1 - start - WebForms", "1 - start - WebForms", "{F926BC81-3B47-4143-80D6-AAB9EBD516D6}"
EndProject
Project("{2150E333-8FDC-42A3-9474-1A3956D46DE8}") = "2 - complete - Blazor", "2 - complete - Blazor", "{03C819A8-59F2-4E8D-A79F-BEB36268B087}"
EndProject
Project("{FAE04EC0-301F-11D3-BF4B-00C04F79EFBC}") = "WingtipToys", "start\WingtipToys\WingtipToys.csproj", "{3EAF67CC-D5D2-4624-8347-2545C9EA4AE9}"
EndProject
Global
	GlobalSection(SolutionConfigurationPlatforms) = preSolution
		Debug|Any CPU = Debug|Any CPU
		Debug|x64 = Debug|x64
		Debug|x86 = Debug|x86
		Release|Any CPU = Release|Any CPU
		Release|x64 = Release|x64
		Release|x86 = Release|x86
	EndGlobalSection
	GlobalSection(ProjectConfigurationPlatforms) = postSolution
		{3EAF67CC-D5D2-4624-8347-2545C9EA4AE9}.Debug|Any CPU.ActiveCfg = Debug|Any CPU
		{3EAF67CC-D5D2-4624-8347-2545C9EA4AE9}.Debug|Any CPU.Build.0 = Debug|Any CPU
		{3EAF67CC-D5D2-4624-8347-2545C9EA4AE9}.Debug|x64.ActiveCfg = Debug|Any CPU
		{3EAF67CC-D5D2-4624-8347-2545C9EA4AE9}.Debug|x64.Build.0 = Debug|Any CPU
		{3EAF67CC-D5D2-4624-8347-2545C9EA4AE9}.Debug|x86.ActiveCfg = Debug|Any CPU
		{3EAF67CC-D5D2-4624-8347-2545C9EA4AE9}.Debug|x86.Build.0 = Debug|Any CPU
		{3EAF67CC-D5D2-4624-8347-2545C9EA4AE9}.Release|Any CPU.ActiveCfg = Release|Any CPU
		{3EAF67CC-D5D2-4624-8347-2545C9EA4AE9}.Release|Any CPU.Build.0 = Release|Any CPU
		{3EAF67CC-D5D2-4624-8347-2545C9EA4AE9}.Release|x64.ActiveCfg = Release|Any CPU
		{3EAF67CC-D5D2-4624-8347-2545C9EA4AE9}.Release|x64.Build.0 = Release|Any CPU
		{3EAF67CC-D5D2-4624-8347-2545C9EA4AE9}.Release|x86.ActiveCfg = Release|Any CPU
		{3EAF67CC-D5D2-4624-8347-2545C9EA4AE9}.Release|x86.Build.0 = Release|Any CPU
	EndGlobalSection
	GlobalSection(SolutionProperties) = preSolution
		HideSolutionNode = FALSE
	EndGlobalSection
	GlobalSection(NestedProjects) = preSolution
		{3EAF67CC-D5D2-4624-8347-2545C9EA4AE9} = {F926BC81-3B47-4143-80D6-AAB9EBD516D6}
	EndGlobalSection
	GlobalSection(ExtensibilityGlobals) = postSolution
		SolutionGuid = {45E33201-24E8-48DA-8AE7-D2EFA1D17985}
	EndGlobalSection
EndGlobal
